
Microsoft Visual Studio Solution File, Format Version 12.00
# Visual Studio Version 16
VisualStudioVersion = 16.0.30503.244
MinimumVisualStudioVersion = 10.0.40219.1
Project("{FAE04EC0-301F-11D3-BF4B-00C04F79EFBC}") = "BookService", "BookService\BookService.csproj", "{05947E01-1D01-48FD-8157-61B3BF181292}"
EndProject
Project("{FAE04EC0-301F-11D3-BF4B-00C04F79EFBC}") = "BookServiceUnitTest", "BookServiceUnitTest\BookServiceUnitTest.csproj", "{8D1DF507-C81D-46E6-B979-B872AD007900}"
EndProject
Global
	GlobalSection(SolutionConfigurationPlatforms) = preSolution
		Debug|Any CPU = Debug|Any CPU
		Release|Any CPU = Release|Any CPU
	EndGlobalSection
	GlobalSection(ProjectConfigurationPlatforms) = postSolution
		{05947E01-1D01-48FD-8157-61B3BF181292}.Debug|Any CPU.ActiveCfg = Debug|Any CPU
		{05947E01-1D01-48FD-8157-61B3BF181292}.Debug|Any CPU.Build.0 = Debug|Any CPU
		{05947E01-1D01-48FD-8157-61B3BF181292}.Release|Any CPU.ActiveCfg = Release|Any CPU
		{05947E01-1D01-48FD-8157-61B3BF181292}.Release|Any CPU.Build.0 = Release|Any CPU
		{8D1DF507-C81D-46E6-B979-B872AD007900}.Debug|Any CPU.ActiveCfg = Debug|Any CPU
		{8D1DF507-C81D-46E6-B979-B872AD007900}.Debug|Any CPU.Build.0 = Debug|Any CPU
		{8D1DF507-C81D-46E6-B979-B872AD007900}.Release|Any CPU.ActiveCfg = Release|Any CPU
		{8D1DF507-C81D-46E6-B979-B872AD007900}.Release|Any CPU.Build.0 = Release|Any CPU
	EndGlobalSection
	GlobalSection(SolutionProperties) = preSolution
		HideSolutionNode = FALSE
	EndGlobalSection
	GlobalSection(ExtensibilityGlobals) = postSolution
		SolutionGuid = {944F30F4-D8BF-4067-8F7F-FC41C599DC89}
	EndGlobalSection
EndGlobal
